
Microsoft Visual Studio Solution File, Format Version 12.00
# Visual Studio Version 16
VisualStudioVersion = 16.0.30128.74
MinimumVisualStudioVersion = 10.0.40219.1
Project("{9A19103F-16F7-4668-BE54-9A1E7A4F7556}") = "Exchangerat", "Exchangerat\Exchangerat.csproj", "{F09FD28D-B99E-41DD-AC9E-C1A761B25D44}"
EndProject
Project("{9A19103F-16F7-4668-BE54-9A1E7A4F7556}") = "Exchangerat.Data", "Exchangerat.Data\Exchangerat.Data.csproj", "{2C25D2B5-E4ED-4068-8DE5-3483663ED28F}"
EndProject
Project("{FAE04EC0-301F-11D3-BF4B-00C04F79EFBC}") = "Exchangerat.Common", "Exchangerat.Common\Exchangerat.Common.csproj", "{4CDC6DEA-136E-4FA7-9EC0-46B327A1EC50}"
EndProject
Global
	GlobalSection(SolutionConfigurationPlatforms) = preSolution
		Debug|Any CPU = Debug|Any CPU
		Release|Any CPU = Release|Any CPU
	EndGlobalSection
	GlobalSection(ProjectConfigurationPlatforms) = postSolution
		{F09FD28D-B99E-41DD-AC9E-C1A761B25D44}.Debug|Any CPU.ActiveCfg = Debug|Any CPU
		{F09FD28D-B99E-41DD-AC9E-C1A761B25D44}.Debug|Any CPU.Build.0 = Debug|Any CPU
		{F09FD28D-B99E-41DD-AC9E-C1A761B25D44}.Release|Any CPU.ActiveCfg = Release|Any CPU
		{F09FD28D-B99E-41DD-AC9E-C1A761B25D44}.Release|Any CPU.Build.0 = Release|Any CPU
		{2C25D2B5-E4ED-4068-8DE5-3483663ED28F}.Debug|Any CPU.ActiveCfg = Debug|Any CPU
		{2C25D2B5-E4ED-4068-8DE5-3483663ED28F}.Debug|Any CPU.Build.0 = Debug|Any CPU
		{2C25D2B5-E4ED-4068-8DE5-3483663ED28F}.Release|Any CPU.ActiveCfg = Release|Any CPU
		{2C25D2B5-E4ED-4068-8DE5-3483663ED28F}.Release|Any CPU.Build.0 = Release|Any CPU
		{4CDC6DEA-136E-4FA7-9EC0-46B327A1EC50}.Debug|Any CPU.ActiveCfg = Debug|Any CPU
		{4CDC6DEA-136E-4FA7-9EC0-46B327A1EC50}.Debug|Any CPU.Build.0 = Debug|Any CPU
		{4CDC6DEA-136E-4FA7-9EC0-46B327A1EC50}.Release|Any CPU.ActiveCfg = Release|Any CPU
		{4CDC6DEA-136E-4FA7-9EC0-46B327A1EC50}.Release|Any CPU.Build.0 = Release|Any CPU
	EndGlobalSection
	GlobalSection(SolutionProperties) = preSolution
		HideSolutionNode = FALSE
	EndGlobalSection
	GlobalSection(ExtensibilityGlobals) = postSolution
		SolutionGuid = {6AF09391-F961-452D-9163-F1A938D9CE18}
	EndGlobalSection
EndGlobal
