
Microsoft Visual Studio Solution File, Format Version 12.00
# Visual Studio Version 16
VisualStudioVersion = 16.0.30128.74
MinimumVisualStudioVersion = 10.0.40219.1
Project("{2150E333-8FDC-42A3-9474-1A3956D46DE8}") = "Identity", "Identity", "{FBF4891E-6C27-4713-B851-8D3681A04254}"
EndProject
Project("{9A19103F-16F7-4668-BE54-9A1E7A4F7556}") = "Exchangerat.Identity", "Exchangerat.Identity\Exchangerat.Identity.csproj", "{BAA3FC32-857A-4203-9DD8-653286B37CF1}"
EndProject
Project("{2150E333-8FDC-42A3-9474-1A3956D46DE8}") = "Clients", "Clients", "{C4B9B99F-5517-4E16-851A-9901B1C65F21}"
EndProject
Project("{9A19103F-16F7-4668-BE54-9A1E7A4F7556}") = "Exchangerat.Clients", "Exchangerat.Clients\Exchangerat.Clients.csproj", "{3CE64EAD-8221-445A-83E2-E3FF4CEBF2A2}"
EndProject
Project("{9A19103F-16F7-4668-BE54-9A1E7A4F7556}") = "Exchangerat.Clients.Services", "Exchangerat.Clients.Services\Exchangerat.Clients.Services.csproj", "{BE65E058-8F5C-4C8C-993C-ACA525FC2421}"
EndProject
Project("{9A19103F-16F7-4668-BE54-9A1E7A4F7556}") = "Exchangerat.Identity.Services", "Exchangerat.Identity.Services\Exchangerat.Identity.Services.csproj", "{4131CBA7-3BEC-4A46-80E9-0F980A7A25C2}"
EndProject
Project("{2150E333-8FDC-42A3-9474-1A3956D46DE8}") = "Common", "Common", "{13D30428-6C08-484C-891F-432AEC25F88A}"
EndProject
Project("{9A19103F-16F7-4668-BE54-9A1E7A4F7556}") = "Exchangerat", "Exchangerat\Exchangerat.csproj", "{C60F9373-C3DC-4E06-A071-A7BE664B8B45}"
EndProject
Project("{9A19103F-16F7-4668-BE54-9A1E7A4F7556}") = "Exchangerat.Identity.Data", "Exchangerat.Identity.Data\Exchangerat.Identity.Data.csproj", "{3FF80B7C-3842-422F-A9CC-97F0623E2803}"
EndProject
Project("{9A19103F-16F7-4668-BE54-9A1E7A4F7556}") = "Exchangerat.Clients.Data", "Exchangerat.Clients.Data\Exchangerat.Clients.Data.csproj", "{944869BD-9A8F-4E92-825D-173AEB9CB198}"
EndProject
Project("{9A19103F-16F7-4668-BE54-9A1E7A4F7556}") = "Exchangerat.Identity.Models", "Exchangerat.Identity.Models\Exchangerat.Identity.Models.csproj", "{2B288E67-A720-4B4E-A0AC-A462D7645B32}"
EndProject
Project("{9A19103F-16F7-4668-BE54-9A1E7A4F7556}") = "Exchangerat.Identity.Common", "Exchangerat.Identity.Common\Exchangerat.Identity.Common.csproj", "{ABD184C6-5F76-488D-B859-07D7847BD9C9}"
EndProject
Project("{9A19103F-16F7-4668-BE54-9A1E7A4F7556}") = "Exchangerat.Clients.Common", "Exchangerat.Clients.Common\Exchangerat.Clients.Common.csproj", "{21F57EC9-AD4C-4813-A01A-54087EAA1FBE}"
EndProject
Project("{9A19103F-16F7-4668-BE54-9A1E7A4F7556}") = "Exchangerat.Clients.Models", "Exchangerat.Clients.Models\Exchangerat.Clients.Models.csproj", "{C761366B-2AF0-4670-8ED5-6392CEAF9CCF}"
EndProject
Project("{2150E333-8FDC-42A3-9474-1A3956D46DE8}") = "Requests", "Requests", "{9B800D9B-AC25-4743-8AA0-236FB623A8AC}"
EndProject
Project("{9A19103F-16F7-4668-BE54-9A1E7A4F7556}") = "Exchangerat.Requests", "Exchangerat.Requests\Exchangerat.Requests.csproj", "{5C728952-49CF-4EBD-BB33-00FAE4FF648C}"
EndProject
Project("{9A19103F-16F7-4668-BE54-9A1E7A4F7556}") = "Exchangerat.Requests.Services", "Exchangerat.Requests.Services\Exchangerat.Requests.Services.csproj", "{148E5FAF-CB22-4272-A81E-AC00DE0737C8}"
EndProject
Project("{9A19103F-16F7-4668-BE54-9A1E7A4F7556}") = "Exchangerat.Requests.Models", "Exchangerat.Requests.Models\Exchangerat.Requests.Models.csproj", "{EC058F4F-97FB-43BD-911F-7358A8084E7D}"
EndProject
Project("{9A19103F-16F7-4668-BE54-9A1E7A4F7556}") = "Exchangerat.Requests.Data", "Exchangerat.Requests.Data\Exchangerat.Requests.Data.csproj", "{5E908BE1-70D6-404B-9796-C634D679B241}"
EndProject
Project("{9A19103F-16F7-4668-BE54-9A1E7A4F7556}") = "Exchangerat.Requests.Common", "Exchangerat.Requests.Common\Exchangerat.Requests.Common.csproj", "{6ACBAB8E-5C09-405F-BC53-3F7C7DBE0FEB}"
EndProject
Project("{2150E333-8FDC-42A3-9474-1A3956D46DE8}") = "Admin", "Admin", "{67335EBD-64D3-4A18-9455-9BD3116D95BD}"
EndProject
Project("{9A19103F-16F7-4668-BE54-9A1E7A4F7556}") = "Exchangerat.Admin", "Exchangerat.Admin\Exchangerat.Admin.csproj", "{72BDAB47-FA78-47B4-9E23-0259CCC9381E}"
EndProject
Project("{9A19103F-16F7-4668-BE54-9A1E7A4F7556}") = "Exchangerat.Admin.Models", "Exchangerat.Admin.Models\Exchangerat.Admin.Models.csproj", "{3EA3461F-1278-4400-A356-3F918E2FA35E}"
EndProject
Project("{9A19103F-16F7-4668-BE54-9A1E7A4F7556}") = "Exchangerat.Admin.Services", "Exchangerat.Admin.Services\Exchangerat.Admin.Services.csproj", "{37237799-BED2-4BD3-8FD2-CC8E8C50EBD5}"
EndProject
Project("{9A19103F-16F7-4668-BE54-9A1E7A4F7556}") = "Exchangerat.Admin.Common", "Exchangerat.Admin.Common\Exchangerat.Admin.Common.csproj", "{44DFAC7C-EA71-4F58-91DD-E0C0C5268389}"
EndProject
Project("{2150E333-8FDC-42A3-9474-1A3956D46DE8}") = "Gateways", "Gateways", "{F64A22FC-23A6-4C57-A94B-FC04777DF605}"
EndProject
Project("{2150E333-8FDC-42A3-9474-1A3956D46DE8}") = "Requests", "Requests", "{A10AC7E4-CEB9-4CCC-945F-51FE0DCF062F}"
EndProject
Project("{9A19103F-16F7-4668-BE54-9A1E7A4F7556}") = "Exchangerat.Requests.Gateway", "Exchangerat.Requests.Gateway\Exchangerat.Requests.Gateway.csproj", "{88DFED12-799A-42A3-9FF1-F80979E5D7A6}"
EndProject
Project("{9A19103F-16F7-4668-BE54-9A1E7A4F7556}") = "Exchangerat.Requests.Gateway.Models", "Exchangerat.Requests.Gateway.Models\Exchangerat.Requests.Gateway.Models.csproj", "{83BA7043-F7C8-408D-A355-5DC189915870}"
EndProject
Project("{9A19103F-16F7-4668-BE54-9A1E7A4F7556}") = "Exchangerat.Requests.Gateway.Services", "Exchangerat.Requests.Gateway.Services\Exchangerat.Requests.Gateway.Services.csproj", "{C5FDAD4D-7401-43BA-BC47-06E98A374DFF}"
EndProject
Project("{9A19103F-16F7-4668-BE54-9A1E7A4F7556}") = "Exchangerat.Requests.Gateway.Common", "Exchangerat.Requests.Gateway.Common\Exchangerat.Requests.Gateway.Common.csproj", "{54CEE4C1-6723-4B9A-A6CF-30B5A059C409}"
EndProject
Project("{FAE04EC0-301F-11D3-BF4B-00C04F79EFBC}") = "Exchangerat.Admin.Data", "Exchangerat.Admin.Data\Exchangerat.Admin.Data.csproj", "{E072233B-B444-4C7D-8BF8-C809DC44316A}"
EndProject
Global
	GlobalSection(SolutionConfigurationPlatforms) = preSolution
		Debug|Any CPU = Debug|Any CPU
		Release|Any CPU = Release|Any CPU
	EndGlobalSection
	GlobalSection(ProjectConfigurationPlatforms) = postSolution
		{BAA3FC32-857A-4203-9DD8-653286B37CF1}.Debug|Any CPU.ActiveCfg = Debug|Any CPU
		{BAA3FC32-857A-4203-9DD8-653286B37CF1}.Debug|Any CPU.Build.0 = Debug|Any CPU
		{BAA3FC32-857A-4203-9DD8-653286B37CF1}.Release|Any CPU.ActiveCfg = Release|Any CPU
		{BAA3FC32-857A-4203-9DD8-653286B37CF1}.Release|Any CPU.Build.0 = Release|Any CPU
		{3CE64EAD-8221-445A-83E2-E3FF4CEBF2A2}.Debug|Any CPU.ActiveCfg = Debug|Any CPU
		{3CE64EAD-8221-445A-83E2-E3FF4CEBF2A2}.Debug|Any CPU.Build.0 = Debug|Any CPU
		{3CE64EAD-8221-445A-83E2-E3FF4CEBF2A2}.Release|Any CPU.ActiveCfg = Release|Any CPU
		{3CE64EAD-8221-445A-83E2-E3FF4CEBF2A2}.Release|Any CPU.Build.0 = Release|Any CPU
		{BE65E058-8F5C-4C8C-993C-ACA525FC2421}.Debug|Any CPU.ActiveCfg = Debug|Any CPU
		{BE65E058-8F5C-4C8C-993C-ACA525FC2421}.Debug|Any CPU.Build.0 = Debug|Any CPU
		{BE65E058-8F5C-4C8C-993C-ACA525FC2421}.Release|Any CPU.ActiveCfg = Release|Any CPU
		{BE65E058-8F5C-4C8C-993C-ACA525FC2421}.Release|Any CPU.Build.0 = Release|Any CPU
		{4131CBA7-3BEC-4A46-80E9-0F980A7A25C2}.Debug|Any CPU.ActiveCfg = Debug|Any CPU
		{4131CBA7-3BEC-4A46-80E9-0F980A7A25C2}.Debug|Any CPU.Build.0 = Debug|Any CPU
		{4131CBA7-3BEC-4A46-80E9-0F980A7A25C2}.Release|Any CPU.ActiveCfg = Release|Any CPU
		{4131CBA7-3BEC-4A46-80E9-0F980A7A25C2}.Release|Any CPU.Build.0 = Release|Any CPU
		{C60F9373-C3DC-4E06-A071-A7BE664B8B45}.Debug|Any CPU.ActiveCfg = Debug|Any CPU
		{C60F9373-C3DC-4E06-A071-A7BE664B8B45}.Debug|Any CPU.Build.0 = Debug|Any CPU
		{C60F9373-C3DC-4E06-A071-A7BE664B8B45}.Release|Any CPU.ActiveCfg = Release|Any CPU
		{C60F9373-C3DC-4E06-A071-A7BE664B8B45}.Release|Any CPU.Build.0 = Release|Any CPU
		{3FF80B7C-3842-422F-A9CC-97F0623E2803}.Debug|Any CPU.ActiveCfg = Debug|Any CPU
		{3FF80B7C-3842-422F-A9CC-97F0623E2803}.Debug|Any CPU.Build.0 = Debug|Any CPU
		{3FF80B7C-3842-422F-A9CC-97F0623E2803}.Release|Any CPU.ActiveCfg = Release|Any CPU
		{3FF80B7C-3842-422F-A9CC-97F0623E2803}.Release|Any CPU.Build.0 = Release|Any CPU
		{944869BD-9A8F-4E92-825D-173AEB9CB198}.Debug|Any CPU.ActiveCfg = Debug|Any CPU
		{944869BD-9A8F-4E92-825D-173AEB9CB198}.Debug|Any CPU.Build.0 = Debug|Any CPU
		{944869BD-9A8F-4E92-825D-173AEB9CB198}.Release|Any CPU.ActiveCfg = Release|Any CPU
		{944869BD-9A8F-4E92-825D-173AEB9CB198}.Release|Any CPU.Build.0 = Release|Any CPU
		{2B288E67-A720-4B4E-A0AC-A462D7645B32}.Debug|Any CPU.ActiveCfg = Debug|Any CPU
		{2B288E67-A720-4B4E-A0AC-A462D7645B32}.Debug|Any CPU.Build.0 = Debug|Any CPU
		{2B288E67-A720-4B4E-A0AC-A462D7645B32}.Release|Any CPU.ActiveCfg = Release|Any CPU
		{2B288E67-A720-4B4E-A0AC-A462D7645B32}.Release|Any CPU.Build.0 = Release|Any CPU
		{ABD184C6-5F76-488D-B859-07D7847BD9C9}.Debug|Any CPU.ActiveCfg = Debug|Any CPU
		{ABD184C6-5F76-488D-B859-07D7847BD9C9}.Debug|Any CPU.Build.0 = Debug|Any CPU
		{ABD184C6-5F76-488D-B859-07D7847BD9C9}.Release|Any CPU.ActiveCfg = Release|Any CPU
		{ABD184C6-5F76-488D-B859-07D7847BD9C9}.Release|Any CPU.Build.0 = Release|Any CPU
		{21F57EC9-AD4C-4813-A01A-54087EAA1FBE}.Debug|Any CPU.ActiveCfg = Debug|Any CPU
		{21F57EC9-AD4C-4813-A01A-54087EAA1FBE}.Debug|Any CPU.Build.0 = Debug|Any CPU
		{21F57EC9-AD4C-4813-A01A-54087EAA1FBE}.Release|Any CPU.ActiveCfg = Release|Any CPU
		{21F57EC9-AD4C-4813-A01A-54087EAA1FBE}.Release|Any CPU.Build.0 = Release|Any CPU
		{C761366B-2AF0-4670-8ED5-6392CEAF9CCF}.Debug|Any CPU.ActiveCfg = Debug|Any CPU
		{C761366B-2AF0-4670-8ED5-6392CEAF9CCF}.Debug|Any CPU.Build.0 = Debug|Any CPU
		{C761366B-2AF0-4670-8ED5-6392CEAF9CCF}.Release|Any CPU.ActiveCfg = Release|Any CPU
		{C761366B-2AF0-4670-8ED5-6392CEAF9CCF}.Release|Any CPU.Build.0 = Release|Any CPU
		{5C728952-49CF-4EBD-BB33-00FAE4FF648C}.Debug|Any CPU.ActiveCfg = Debug|Any CPU
		{5C728952-49CF-4EBD-BB33-00FAE4FF648C}.Debug|Any CPU.Build.0 = Debug|Any CPU
		{5C728952-49CF-4EBD-BB33-00FAE4FF648C}.Release|Any CPU.ActiveCfg = Release|Any CPU
		{5C728952-49CF-4EBD-BB33-00FAE4FF648C}.Release|Any CPU.Build.0 = Release|Any CPU
		{148E5FAF-CB22-4272-A81E-AC00DE0737C8}.Debug|Any CPU.ActiveCfg = Debug|Any CPU
		{148E5FAF-CB22-4272-A81E-AC00DE0737C8}.Debug|Any CPU.Build.0 = Debug|Any CPU
		{148E5FAF-CB22-4272-A81E-AC00DE0737C8}.Release|Any CPU.ActiveCfg = Release|Any CPU
		{148E5FAF-CB22-4272-A81E-AC00DE0737C8}.Release|Any CPU.Build.0 = Release|Any CPU
		{EC058F4F-97FB-43BD-911F-7358A8084E7D}.Debug|Any CPU.ActiveCfg = Debug|Any CPU
		{EC058F4F-97FB-43BD-911F-7358A8084E7D}.Debug|Any CPU.Build.0 = Debug|Any CPU
		{EC058F4F-97FB-43BD-911F-7358A8084E7D}.Release|Any CPU.ActiveCfg = Release|Any CPU
		{EC058F4F-97FB-43BD-911F-7358A8084E7D}.Release|Any CPU.Build.0 = Release|Any CPU
		{5E908BE1-70D6-404B-9796-C634D679B241}.Debug|Any CPU.ActiveCfg = Debug|Any CPU
		{5E908BE1-70D6-404B-9796-C634D679B241}.Debug|Any CPU.Build.0 = Debug|Any CPU
		{5E908BE1-70D6-404B-9796-C634D679B241}.Release|Any CPU.ActiveCfg = Release|Any CPU
		{5E908BE1-70D6-404B-9796-C634D679B241}.Release|Any CPU.Build.0 = Release|Any CPU
		{6ACBAB8E-5C09-405F-BC53-3F7C7DBE0FEB}.Debug|Any CPU.ActiveCfg = Debug|Any CPU
		{6ACBAB8E-5C09-405F-BC53-3F7C7DBE0FEB}.Debug|Any CPU.Build.0 = Debug|Any CPU
		{6ACBAB8E-5C09-405F-BC53-3F7C7DBE0FEB}.Release|Any CPU.ActiveCfg = Release|Any CPU
		{6ACBAB8E-5C09-405F-BC53-3F7C7DBE0FEB}.Release|Any CPU.Build.0 = Release|Any CPU
		{72BDAB47-FA78-47B4-9E23-0259CCC9381E}.Debug|Any CPU.ActiveCfg = Debug|Any CPU
		{72BDAB47-FA78-47B4-9E23-0259CCC9381E}.Debug|Any CPU.Build.0 = Debug|Any CPU
		{72BDAB47-FA78-47B4-9E23-0259CCC9381E}.Release|Any CPU.ActiveCfg = Release|Any CPU
		{72BDAB47-FA78-47B4-9E23-0259CCC9381E}.Release|Any CPU.Build.0 = Release|Any CPU
		{3EA3461F-1278-4400-A356-3F918E2FA35E}.Debug|Any CPU.ActiveCfg = Debug|Any CPU
		{3EA3461F-1278-4400-A356-3F918E2FA35E}.Debug|Any CPU.Build.0 = Debug|Any CPU
		{3EA3461F-1278-4400-A356-3F918E2FA35E}.Release|Any CPU.ActiveCfg = Release|Any CPU
		{3EA3461F-1278-4400-A356-3F918E2FA35E}.Release|Any CPU.Build.0 = Release|Any CPU
		{37237799-BED2-4BD3-8FD2-CC8E8C50EBD5}.Debug|Any CPU.ActiveCfg = Debug|Any CPU
		{37237799-BED2-4BD3-8FD2-CC8E8C50EBD5}.Debug|Any CPU.Build.0 = Debug|Any CPU
		{37237799-BED2-4BD3-8FD2-CC8E8C50EBD5}.Release|Any CPU.ActiveCfg = Release|Any CPU
		{37237799-BED2-4BD3-8FD2-CC8E8C50EBD5}.Release|Any CPU.Build.0 = Release|Any CPU
		{44DFAC7C-EA71-4F58-91DD-E0C0C5268389}.Debug|Any CPU.ActiveCfg = Debug|Any CPU
		{44DFAC7C-EA71-4F58-91DD-E0C0C5268389}.Debug|Any CPU.Build.0 = Debug|Any CPU
		{44DFAC7C-EA71-4F58-91DD-E0C0C5268389}.Release|Any CPU.ActiveCfg = Release|Any CPU
		{44DFAC7C-EA71-4F58-91DD-E0C0C5268389}.Release|Any CPU.Build.0 = Release|Any CPU
		{88DFED12-799A-42A3-9FF1-F80979E5D7A6}.Debug|Any CPU.ActiveCfg = Debug|Any CPU
		{88DFED12-799A-42A3-9FF1-F80979E5D7A6}.Debug|Any CPU.Build.0 = Debug|Any CPU
		{88DFED12-799A-42A3-9FF1-F80979E5D7A6}.Release|Any CPU.ActiveCfg = Release|Any CPU
		{88DFED12-799A-42A3-9FF1-F80979E5D7A6}.Release|Any CPU.Build.0 = Release|Any CPU
		{83BA7043-F7C8-408D-A355-5DC189915870}.Debug|Any CPU.ActiveCfg = Debug|Any CPU
		{83BA7043-F7C8-408D-A355-5DC189915870}.Debug|Any CPU.Build.0 = Debug|Any CPU
		{83BA7043-F7C8-408D-A355-5DC189915870}.Release|Any CPU.ActiveCfg = Release|Any CPU
		{83BA7043-F7C8-408D-A355-5DC189915870}.Release|Any CPU.Build.0 = Release|Any CPU
		{C5FDAD4D-7401-43BA-BC47-06E98A374DFF}.Debug|Any CPU.ActiveCfg = Debug|Any CPU
		{C5FDAD4D-7401-43BA-BC47-06E98A374DFF}.Debug|Any CPU.Build.0 = Debug|Any CPU
		{C5FDAD4D-7401-43BA-BC47-06E98A374DFF}.Release|Any CPU.ActiveCfg = Release|Any CPU
		{C5FDAD4D-7401-43BA-BC47-06E98A374DFF}.Release|Any CPU.Build.0 = Release|Any CPU
		{54CEE4C1-6723-4B9A-A6CF-30B5A059C409}.Debug|Any CPU.ActiveCfg = Debug|Any CPU
		{54CEE4C1-6723-4B9A-A6CF-30B5A059C409}.Debug|Any CPU.Build.0 = Debug|Any CPU
		{54CEE4C1-6723-4B9A-A6CF-30B5A059C409}.Release|Any CPU.ActiveCfg = Release|Any CPU
		{54CEE4C1-6723-4B9A-A6CF-30B5A059C409}.Release|Any CPU.Build.0 = Release|Any CPU
		{E072233B-B444-4C7D-8BF8-C809DC44316A}.Debug|Any CPU.ActiveCfg = Debug|Any CPU
		{E072233B-B444-4C7D-8BF8-C809DC44316A}.Debug|Any CPU.Build.0 = Debug|Any CPU
		{E072233B-B444-4C7D-8BF8-C809DC44316A}.Release|Any CPU.ActiveCfg = Release|Any CPU
		{E072233B-B444-4C7D-8BF8-C809DC44316A}.Release|Any CPU.Build.0 = Release|Any CPU
	EndGlobalSection
	GlobalSection(SolutionProperties) = preSolution
		HideSolutionNode = FALSE
	EndGlobalSection
	GlobalSection(NestedProjects) = preSolution
		{BAA3FC32-857A-4203-9DD8-653286B37CF1} = {FBF4891E-6C27-4713-B851-8D3681A04254}
		{3CE64EAD-8221-445A-83E2-E3FF4CEBF2A2} = {C4B9B99F-5517-4E16-851A-9901B1C65F21}
		{BE65E058-8F5C-4C8C-993C-ACA525FC2421} = {C4B9B99F-5517-4E16-851A-9901B1C65F21}
		{4131CBA7-3BEC-4A46-80E9-0F980A7A25C2} = {FBF4891E-6C27-4713-B851-8D3681A04254}
		{C60F9373-C3DC-4E06-A071-A7BE664B8B45} = {13D30428-6C08-484C-891F-432AEC25F88A}
		{3FF80B7C-3842-422F-A9CC-97F0623E2803} = {FBF4891E-6C27-4713-B851-8D3681A04254}
		{944869BD-9A8F-4E92-825D-173AEB9CB198} = {C4B9B99F-5517-4E16-851A-9901B1C65F21}
		{2B288E67-A720-4B4E-A0AC-A462D7645B32} = {FBF4891E-6C27-4713-B851-8D3681A04254}
		{ABD184C6-5F76-488D-B859-07D7847BD9C9} = {FBF4891E-6C27-4713-B851-8D3681A04254}
		{21F57EC9-AD4C-4813-A01A-54087EAA1FBE} = {C4B9B99F-5517-4E16-851A-9901B1C65F21}
		{C761366B-2AF0-4670-8ED5-6392CEAF9CCF} = {C4B9B99F-5517-4E16-851A-9901B1C65F21}
		{5C728952-49CF-4EBD-BB33-00FAE4FF648C} = {9B800D9B-AC25-4743-8AA0-236FB623A8AC}
		{148E5FAF-CB22-4272-A81E-AC00DE0737C8} = {9B800D9B-AC25-4743-8AA0-236FB623A8AC}
		{EC058F4F-97FB-43BD-911F-7358A8084E7D} = {9B800D9B-AC25-4743-8AA0-236FB623A8AC}
		{5E908BE1-70D6-404B-9796-C634D679B241} = {9B800D9B-AC25-4743-8AA0-236FB623A8AC}
		{6ACBAB8E-5C09-405F-BC53-3F7C7DBE0FEB} = {9B800D9B-AC25-4743-8AA0-236FB623A8AC}
		{72BDAB47-FA78-47B4-9E23-0259CCC9381E} = {67335EBD-64D3-4A18-9455-9BD3116D95BD}
		{3EA3461F-1278-4400-A356-3F918E2FA35E} = {67335EBD-64D3-4A18-9455-9BD3116D95BD}
		{37237799-BED2-4BD3-8FD2-CC8E8C50EBD5} = {67335EBD-64D3-4A18-9455-9BD3116D95BD}
		{44DFAC7C-EA71-4F58-91DD-E0C0C5268389} = {67335EBD-64D3-4A18-9455-9BD3116D95BD}
		{A10AC7E4-CEB9-4CCC-945F-51FE0DCF062F} = {F64A22FC-23A6-4C57-A94B-FC04777DF605}
		{88DFED12-799A-42A3-9FF1-F80979E5D7A6} = {A10AC7E4-CEB9-4CCC-945F-51FE0DCF062F}
		{83BA7043-F7C8-408D-A355-5DC189915870} = {A10AC7E4-CEB9-4CCC-945F-51FE0DCF062F}
		{C5FDAD4D-7401-43BA-BC47-06E98A374DFF} = {A10AC7E4-CEB9-4CCC-945F-51FE0DCF062F}
		{54CEE4C1-6723-4B9A-A6CF-30B5A059C409} = {A10AC7E4-CEB9-4CCC-945F-51FE0DCF062F}
		{E072233B-B444-4C7D-8BF8-C809DC44316A} = {67335EBD-64D3-4A18-9455-9BD3116D95BD}
	EndGlobalSection
	GlobalSection(ExtensibilityGlobals) = postSolution
		SolutionGuid = {6AF09391-F961-452D-9163-F1A938D9CE18}
	EndGlobalSection
EndGlobal
